// !$*UTF8*$!
{
	archiveVersion = 1;
	classes = {
	};
	objectVersion = 46;
	objects = {

/* Begin PBXBuildFile section */
		2D013BD21A60096C008D889A /* AppDelegate.swift in Sources */ = {isa = PBXBuildFile; fileRef = 2D013BD11A60096C008D889A /* AppDelegate.swift */; };
		2D013BD41A60096C008D889A /* ViewController.swift in Sources */ = {isa = PBXBuildFile; fileRef = 2D013BD31A60096C008D889A /* ViewController.swift */; };
		2D013BD61A60096C008D889A /* Images.xcassets in Resources */ = {isa = PBXBuildFile; fileRef = 2D013BD51A60096C008D889A /* Images.xcassets */; };
		2D013BD91A60096C008D889A /* Main.storyboard in Resources */ = {isa = PBXBuildFile; fileRef = 2D013BD71A60096C008D889A /* Main.storyboard */; };
		2D013BE51A60096D008D889A /* PadTests.swift in Sources */ = {isa = PBXBuildFile; fileRef = 2D013BE41A60096D008D889A /* PadTests.swift */; };
		2D013BEF1A600A35008D889A /* WebKit.framework in Frameworks */ = {isa = PBXBuildFile; fileRef = 2D013BEE1A600A35008D889A /* WebKit.framework */; };
		2DAE2AAF1A64A70000E32D7E /* Annie.framework in Copy Frameworks */ = {isa = PBXBuildFile; fileRef = 2DAE2AAA1A64A6EA00E32D7E /* Annie.framework */; settings = {ATTRIBUTES = (CodeSignOnCopy, RemoveHeadersOnCopy, ); }; };
/* End PBXBuildFile section */

/* Begin PBXContainerItemProxy section */
		2D013BDF1A60096C008D889A /* PBXContainerItemProxy */ = {
			isa = PBXContainerItemProxy;
			containerPortal = 2D013BC41A60096C008D889A /* Project object */;
			proxyType = 1;
			remoteGlobalIDString = 2D013BCB1A60096C008D889A;
			remoteInfo = Pad;
		};
		2DAE2AA91A64A6EA00E32D7E /* PBXContainerItemProxy */ = {
			isa = PBXContainerItemProxy;
			containerPortal = 2DAE2AA41A64A6EA00E32D7E /* Annie.xcodeproj */;
			proxyType = 2;
			remoteGlobalIDString = 2DA00E3E1A5BB81B00C2AADF;
			remoteInfo = Annie;
		};
		2DAE2AAB1A64A6EA00E32D7E /* PBXContainerItemProxy */ = {
			isa = PBXContainerItemProxy;
			containerPortal = 2DAE2AA41A64A6EA00E32D7E /* Annie.xcodeproj */;
			proxyType = 2;
			remoteGlobalIDString = 2DA00E491A5BB81B00C2AADF;
			remoteInfo = AnnieTests;
		};
		2DAE2AAD1A64A6F000E32D7E /* PBXContainerItemProxy */ = {
			isa = PBXContainerItemProxy;
			containerPortal = 2DAE2AA41A64A6EA00E32D7E /* Annie.xcodeproj */;
			proxyType = 1;
			remoteGlobalIDString = 2DA00E3D1A5BB81B00C2AADF;
			remoteInfo = Annie;
		};
/* End PBXContainerItemProxy section */

/* Begin PBXCopyFilesBuildPhase section */
		2D013BFB1A600A6D008D889A /* Copy Frameworks */ = {
			isa = PBXCopyFilesBuildPhase;
			buildActionMask = 2147483647;
			dstPath = "";
			dstSubfolderSpec = 10;
			files = (
				2DAE2AAF1A64A70000E32D7E /* Annie.framework in Copy Frameworks */,
			);
			name = "Copy Frameworks";
			runOnlyForDeploymentPostprocessing = 0;
		};
/* End PBXCopyFilesBuildPhase section */

/* Begin PBXFileReference section */
		2D013BCC1A60096C008D889A /* Pad.app */ = {isa = PBXFileReference; explicitFileType = wrapper.application; includeInIndex = 0; path = Pad.app; sourceTree = BUILT_PRODUCTS_DIR; };
		2D013BD01A60096C008D889A /* Info.plist */ = {isa = PBXFileReference; lastKnownFileType = text.plist.xml; path = Info.plist; sourceTree = "<group>"; };
		2D013BD11A60096C008D889A /* AppDelegate.swift */ = {isa = PBXFileReference; lastKnownFileType = sourcecode.swift; path = AppDelegate.swift; sourceTree = "<group>"; };
		2D013BD31A60096C008D889A /* ViewController.swift */ = {isa = PBXFileReference; lastKnownFileType = sourcecode.swift; path = ViewController.swift; sourceTree = "<group>"; };
		2D013BD51A60096C008D889A /* Images.xcassets */ = {isa = PBXFileReference; lastKnownFileType = folder.assetcatalog; path = Images.xcassets; sourceTree = "<group>"; };
		2D013BD81A60096C008D889A /* Base */ = {isa = PBXFileReference; lastKnownFileType = file.storyboard; name = Base; path = Base.lproj/Main.storyboard; sourceTree = "<group>"; };
		2D013BDE1A60096C008D889A /* PadTests.xctest */ = {isa = PBXFileReference; explicitFileType = wrapper.cfbundle; includeInIndex = 0; path = PadTests.xctest; sourceTree = BUILT_PRODUCTS_DIR; };
		2D013BE31A60096C008D889A /* Info.plist */ = {isa = PBXFileReference; lastKnownFileType = text.plist.xml; path = Info.plist; sourceTree = "<group>"; };
		2D013BE41A60096D008D889A /* PadTests.swift */ = {isa = PBXFileReference; lastKnownFileType = sourcecode.swift; path = PadTests.swift; sourceTree = "<group>"; };
		2D013BEE1A600A35008D889A /* WebKit.framework */ = {isa = PBXFileReference; lastKnownFileType = wrapper.framework; name = WebKit.framework; path = System/Library/Frameworks/WebKit.framework; sourceTree = SDKROOT; };
		2DAE2AA41A64A6EA00E32D7E /* Annie.xcodeproj */ = {isa = PBXFileReference; lastKnownFileType = "wrapper.pb-project"; name = Annie.xcodeproj; path = Annie/Annie.xcodeproj; sourceTree = "<group>"; };
/* End PBXFileReference section */

/* Begin PBXFrameworksBuildPhase section */
		2D013BC91A60096C008D889A /* Frameworks */ = {
			isa = PBXFrameworksBuildPhase;
			buildActionMask = 2147483647;
			files = (
				2D013BEF1A600A35008D889A /* WebKit.framework in Frameworks */,
			);
			runOnlyForDeploymentPostprocessing = 0;
		};
		2D013BDB1A60096C008D889A /* Frameworks */ = {
			isa = PBXFrameworksBuildPhase;
			buildActionMask = 2147483647;
			files = (
			);
			runOnlyForDeploymentPostprocessing = 0;
		};
/* End PBXFrameworksBuildPhase section */

/* Begin PBXGroup section */
		2D013BC31A60096C008D889A = {
			isa = PBXGroup;
			children = (
				2DAE2AA41A64A6EA00E32D7E /* Annie.xcodeproj */,
				2D013BEE1A600A35008D889A /* WebKit.framework */,
				2D013BCE1A60096C008D889A /* Pad */,
				2D013BE11A60096C008D889A /* PadTests */,
				2D013BCD1A60096C008D889A /* Products */,
			);
			sourceTree = "<group>";
		};
		2D013BCD1A60096C008D889A /* Products */ = {
			isa = PBXGroup;
			children = (
				2D013BCC1A60096C008D889A /* Pad.app */,
				2D013BDE1A60096C008D889A /* PadTests.xctest */,
			);
			name = Products;
			sourceTree = "<group>";
		};
		2D013BCE1A60096C008D889A /* Pad */ = {
			isa = PBXGroup;
			children = (
				2D013BD11A60096C008D889A /* AppDelegate.swift */,
				2D013BD31A60096C008D889A /* ViewController.swift */,
				2D013BD51A60096C008D889A /* Images.xcassets */,
				2D013BD71A60096C008D889A /* Main.storyboard */,
				2D013BCF1A60096C008D889A /* Supporting Files */,
			);
			path = Pad;
			sourceTree = "<group>";
		};
		2D013BCF1A60096C008D889A /* Supporting Files */ = {
			isa = PBXGroup;
			children = (
				2D013BD01A60096C008D889A /* Info.plist */,
			);
			name = "Supporting Files";
			sourceTree = "<group>";
		};
		2D013BE11A60096C008D889A /* PadTests */ = {
			isa = PBXGroup;
			children = (
				2D013BE41A60096D008D889A /* PadTests.swift */,
				2D013BE21A60096C008D889A /* Supporting Files */,
			);
			path = PadTests;
			sourceTree = "<group>";
		};
		2D013BE21A60096C008D889A /* Supporting Files */ = {
			isa = PBXGroup;
			children = (
				2D013BE31A60096C008D889A /* Info.plist */,
			);
			name = "Supporting Files";
			sourceTree = "<group>";
		};
		2DAE2AA51A64A6EA00E32D7E /* Products */ = {
			isa = PBXGroup;
			children = (
				2DAE2AAA1A64A6EA00E32D7E /* Annie.framework */,
				2DAE2AAC1A64A6EA00E32D7E /* AnnieTests.xctest */,
			);
			name = Products;
			sourceTree = "<group>";
		};
/* End PBXGroup section */

/* Begin PBXNativeTarget section */
		2D013BCB1A60096C008D889A /* Pad */ = {
			isa = PBXNativeTarget;
			buildConfigurationList = 2D013BE81A60096D008D889A /* Build configuration list for PBXNativeTarget "Pad" */;
			buildPhases = (
				2D013BC81A60096C008D889A /* Sources */,
				2D013BC91A60096C008D889A /* Frameworks */,
				2D013BCA1A60096C008D889A /* Resources */,
				2D013BFB1A600A6D008D889A /* Copy Frameworks */,
			);
			buildRules = (
			);
			dependencies = (
				2DAE2AAE1A64A6F000E32D7E /* PBXTargetDependency */,
			);
			name = Pad;
			productName = Pad;
			productReference = 2D013BCC1A60096C008D889A /* Pad.app */;
			productType = "com.apple.product-type.application";
		};
		2D013BDD1A60096C008D889A /* PadTests */ = {
			isa = PBXNativeTarget;
			buildConfigurationList = 2D013BEB1A60096D008D889A /* Build configuration list for PBXNativeTarget "PadTests" */;
			buildPhases = (
				2D013BDA1A60096C008D889A /* Sources */,
				2D013BDB1A60096C008D889A /* Frameworks */,
				2D013BDC1A60096C008D889A /* Resources */,
			);
			buildRules = (
			);
			dependencies = (
				2D013BE01A60096C008D889A /* PBXTargetDependency */,
			);
			name = PadTests;
			productName = PadTests;
			productReference = 2D013BDE1A60096C008D889A /* PadTests.xctest */;
			productType = "com.apple.product-type.bundle.unit-test";
		};
/* End PBXNativeTarget section */

/* Begin PBXProject section */
		2D013BC41A60096C008D889A /* Project object */ = {
			isa = PBXProject;
			attributes = {
				LastSwiftUpdateCheck = 0700;
				LastUpgradeCheck = 0610;
				ORGANIZATIONNAME = skyline;
				TargetAttributes = {
					2D013BCB1A60096C008D889A = {
						CreatedOnToolsVersion = 6.1.1;
					};
					2D013BDD1A60096C008D889A = {
						CreatedOnToolsVersion = 6.1.1;
						TestTargetID = 2D013BCB1A60096C008D889A;
					};
				};
			};
			buildConfigurationList = 2D013BC71A60096C008D889A /* Build configuration list for PBXProject "Pad" */;
			compatibilityVersion = "Xcode 3.2";
			developmentRegion = English;
			hasScannedForEncodings = 0;
			knownRegions = (
				en,
				Base,
			);
			mainGroup = 2D013BC31A60096C008D889A;
			productRefGroup = 2D013BCD1A60096C008D889A /* Products */;
			projectDirPath = "";
			projectReferences = (
				{
					ProductGroup = 2DAE2AA51A64A6EA00E32D7E /* Products */;
					ProjectRef = 2DAE2AA41A64A6EA00E32D7E /* Annie.xcodeproj */;
				},
			);
			projectRoot = "";
			targets = (
				2D013BCB1A60096C008D889A /* Pad */,
				2D013BDD1A60096C008D889A /* PadTests */,
			);
		};
/* End PBXProject section */

/* Begin PBXReferenceProxy section */
		2DAE2AAA1A64A6EA00E32D7E /* Annie.framework */ = {
			isa = PBXReferenceProxy;
			fileType = wrapper.framework;
			path = Annie.framework;
			remoteRef = 2DAE2AA91A64A6EA00E32D7E /* PBXContainerItemProxy */;
			sourceTree = BUILT_PRODUCTS_DIR;
		};
		2DAE2AAC1A64A6EA00E32D7E /* AnnieTests.xctest */ = {
			isa = PBXReferenceProxy;
			fileType = wrapper.cfbundle;
			path = AnnieTests.xctest;
			remoteRef = 2DAE2AAB1A64A6EA00E32D7E /* PBXContainerItemProxy */;
			sourceTree = BUILT_PRODUCTS_DIR;
		};
/* End PBXReferenceProxy section */

/* Begin PBXResourcesBuildPhase section */
		2D013BCA1A60096C008D889A /* Resources */ = {
			isa = PBXResourcesBuildPhase;
			buildActionMask = 2147483647;
			files = (
				2D013BD61A60096C008D889A /* Images.xcassets in Resources */,
				2D013BD91A60096C008D889A /* Main.storyboard in Resources */,
			);
			runOnlyForDeploymentPostprocessing = 0;
		};
		2D013BDC1A60096C008D889A /* Resources */ = {
			isa = PBXResourcesBuildPhase;
			buildActionMask = 2147483647;
			files = (
			);
			runOnlyForDeploymentPostprocessing = 0;
		};
/* End PBXResourcesBuildPhase section */

/* Begin PBXSourcesBuildPhase section */
		2D013BC81A60096C008D889A /* Sources */ = {
			isa = PBXSourcesBuildPhase;
			buildActionMask = 2147483647;
			files = (
				2D013BD41A60096C008D889A /* ViewController.swift in Sources */,
				2D013BD21A60096C008D889A /* AppDelegate.swift in Sources */,
			);
			runOnlyForDeploymentPostprocessing = 0;
		};
		2D013BDA1A60096C008D889A /* Sources */ = {
			isa = PBXSourcesBuildPhase;
			buildActionMask = 2147483647;
			files = (
				2D013BE51A60096D008D889A /* PadTests.swift in Sources */,
			);
			runOnlyForDeploymentPostprocessing = 0;
		};
/* End PBXSourcesBuildPhase section */

/* Begin PBXTargetDependency section */
		2D013BE01A60096C008D889A /* PBXTargetDependency */ = {
			isa = PBXTargetDependency;
			target = 2D013BCB1A60096C008D889A /* Pad */;
			targetProxy = 2D013BDF1A60096C008D889A /* PBXContainerItemProxy */;
		};
		2DAE2AAE1A64A6F000E32D7E /* PBXTargetDependency */ = {
			isa = PBXTargetDependency;
			name = Annie;
			targetProxy = 2DAE2AAD1A64A6F000E32D7E /* PBXContainerItemProxy */;
		};
/* End PBXTargetDependency section */

/* Begin PBXVariantGroup section */
		2D013BD71A60096C008D889A /* Main.storyboard */ = {
			isa = PBXVariantGroup;
			children = (
				2D013BD81A60096C008D889A /* Base */,
			);
			name = Main.storyboard;
			sourceTree = "<group>";
		};
/* End PBXVariantGroup section */

/* Begin XCBuildConfiguration section */
		2D013BE61A60096D008D889A /* Debug */ = {
			isa = XCBuildConfiguration;
			buildSettings = {
				ALWAYS_SEARCH_USER_PATHS = NO;
				CLANG_CXX_LANGUAGE_STANDARD = "gnu++0x";
				CLANG_CXX_LIBRARY = "libc++";
				CLANG_ENABLE_MODULES = YES;
				CLANG_ENABLE_OBJC_ARC = YES;
				CLANG_WARN_BOOL_CONVERSION = YES;
				CLANG_WARN_CONSTANT_CONVERSION = YES;
				CLANG_WARN_DIRECT_OBJC_ISA_USAGE = YES_ERROR;
				CLANG_WARN_EMPTY_BODY = YES;
				CLANG_WARN_ENUM_CONVERSION = YES;
				CLANG_WARN_INT_CONVERSION = YES;
				CLANG_WARN_OBJC_ROOT_CLASS = YES_ERROR;
				CLANG_WARN_UNREACHABLE_CODE = YES;
				CLANG_WARN__DUPLICATE_METHOD_MATCH = YES;
				CODE_SIGN_IDENTITY = "-";
				COPY_PHASE_STRIP = NO;
				ENABLE_STRICT_OBJC_MSGSEND = YES;
				GCC_C_LANGUAGE_STANDARD = gnu99;
				GCC_DYNAMIC_NO_PIC = NO;
				GCC_OPTIMIZATION_LEVEL = 0;
				GCC_PREPROCESSOR_DEFINITIONS = (
					"DEBUG=1",
					"$(inherited)",
				);
				GCC_SYMBOLS_PRIVATE_EXTERN = NO;
				GCC_WARN_64_TO_32_BIT_CONVERSION = YES;
				GCC_WARN_ABOUT_RETURN_TYPE = YES_ERROR;
				GCC_WARN_UNDECLARED_SELECTOR = YES;
				GCC_WARN_UNINITIALIZED_AUTOS = YES_AGGRESSIVE;
				GCC_WARN_UNUSED_FUNCTION = YES;
				GCC_WARN_UNUSED_VARIABLE = YES;
				MACOSX_DEPLOYMENT_TARGET = 10.10;
				MTL_ENABLE_DEBUG_INFO = YES;
				ONLY_ACTIVE_ARCH = YES;
				SDKROOT = macosx;
				SWIFT_OPTIMIZATION_LEVEL = "-Onone";
			};
			name = Debug;
		};
		2D013BE71A60096D008D889A /* Release */ = {
			isa = XCBuildConfiguration;
			buildSettings = {
				ALWAYS_SEARCH_USER_PATHS = NO;
				CLANG_CXX_LANGUAGE_STANDARD = "gnu++0x";
				CLANG_CXX_LIBRARY = "libc++";
				CLANG_ENABLE_MODULES = YES;
				CLANG_ENABLE_OBJC_ARC = YES;
				CLANG_WARN_BOOL_CONVERSION = YES;
				CLANG_WARN_CONSTANT_CONVERSION = YES;
				CLANG_WARN_DIRECT_OBJC_ISA_USAGE = YES_ERROR;
				CLANG_WARN_EMPTY_BODY = YES;
				CLANG_WARN_ENUM_CONVERSION = YES;
				CLANG_WARN_INT_CONVERSION = YES;
				CLANG_WARN_OBJC_ROOT_CLASS = YES_ERROR;
				CLANG_WARN_UNREACHABLE_CODE = YES;
				CLANG_WARN__DUPLICATE_METHOD_MATCH = YES;
				CODE_SIGN_IDENTITY = "-";
				COPY_PHASE_STRIP = YES;
				DEBUG_INFORMATION_FORMAT = "dwarf-with-dsym";
				ENABLE_NS_ASSERTIONS = NO;
				ENABLE_STRICT_OBJC_MSGSEND = YES;
				GCC_C_LANGUAGE_STANDARD = gnu99;
				GCC_WARN_64_TO_32_BIT_CONVERSION = YES;
				GCC_WARN_ABOUT_RETURN_TYPE = YES_ERROR;
				GCC_WARN_UNDECLARED_SELECTOR = YES;
				GCC_WARN_UNINITIALIZED_AUTOS = YES_AGGRESSIVE;
				GCC_WARN_UNUSED_FUNCTION = YES;
				GCC_WARN_UNUSED_VARIABLE = YES;
				MACOSX_DEPLOYMENT_TARGET = 10.10;
				MTL_ENABLE_DEBUG_INFO = NO;
				SDKROOT = macosx;
			};
			name = Release;
		};
		2D013BE91A60096D008D889A /* Debug */ = {
			isa = XCBuildConfiguration;
			buildSettings = {
				ASSETCATALOG_COMPILER_APPICON_NAME = AppIcon;
				COMBINE_HIDPI_IMAGES = YES;
				INFOPLIST_FILE = Pad/Info.plist;
				LD_RUNPATH_SEARCH_PATHS = "$(inherited) @executable_path/../Frameworks";
				PRODUCT_NAME = "$(TARGET_NAME)";
			};
			name = Debug;
		};
		2D013BEA1A60096D008D889A /* Release */ = {
			isa = XCBuildConfiguration;
			buildSettings = {
				ASSETCATALOG_COMPILER_APPICON_NAME = AppIcon;
				COMBINE_HIDPI_IMAGES = YES;
				INFOPLIST_FILE = Pad/Info.plist;
				LD_RUNPATH_SEARCH_PATHS = "$(inherited) @executable_path/../Frameworks";
				PRODUCT_NAME = "$(TARGET_NAME)";
			};
			name = Release;
		};
		2D013BEC1A60096D008D889A /* Debug */ = {
			isa = XCBuildConfiguration;
			buildSettings = {
				BUNDLE_LOADER = "$(TEST_HOST)";
				COMBINE_HIDPI_IMAGES = YES;
				FRAMEWORK_SEARCH_PATHS = (
					"$(DEVELOPER_FRAMEWORKS_DIR)",
					"$(inherited)",
				);
				GCC_PREPROCESSOR_DEFINITIONS = (
					"DEBUG=1",
					"$(inherited)",
				);
				INFOPLIST_FILE = PadTests/Info.plist;
				LD_RUNPATH_SEARCH_PATHS = "$(inherited) @executable_path/../Frameworks @loader_path/../Frameworks";
				PRODUCT_NAME = "$(TARGET_NAME)";
				TEST_HOST = "$(BUILT_PRODUCTS_DIR)/Pad.app/Contents/MacOS/Pad";
			};
			name = Debug;
		};
		2D013BED1A60096D008D889A /* Release */ = {
			isa = XCBuildConfiguration;
			buildSettings = {
				BUNDLE_LOADER = "$(TEST_HOST)";
				COMBINE_HIDPI_IMAGES = YES;
				FRAMEWORK_SEARCH_PATHS = (
					"$(DEVELOPER_FRAMEWORKS_DIR)",
					"$(inherited)",
				);
				INFOPLIST_FILE = PadTests/Info.plist;
				LD_RUNPATH_SEARCH_PATHS = "$(inherited) @executable_path/../Frameworks @loader_path/../Frameworks";
				PRODUCT_NAME = "$(TARGET_NAME)";
				TEST_HOST = "$(BUILT_PRODUCTS_DIR)/Pad.app/Contents/MacOS/Pad";
			};
			name = Release;
		};
/* End XCBuildConfiguration section */

/* Begin XCConfigurationList section */
		2D013BC71A60096C008D889A /* Build configuration list for PBXProject "Pad" */ = {
			isa = XCConfigurationList;
			buildConfigurations = (
				2D013BE61A60096D008D889A /* Debug */,
				2D013BE71A60096D008D889A /* Release */,
			);
			defaultConfigurationIsVisible = 0;
			defaultConfigurationName = Release;
		};
		2D013BE81A60096D008D889A /* Build configuration list for PBXNativeTarget "Pad" */ = {
			isa = XCConfigurationList;
			buildConfigurations = (
				2D013BE91A60096D008D889A /* Debug */,
				2D013BEA1A60096D008D889A /* Release */,
			);
			defaultConfigurationIsVisible = 0;
			defaultConfigurationName = Release;
		};
		2D013BEB1A60096D008D889A /* Build configuration list for PBXNativeTarget "PadTests" */ = {
			isa = XCConfigurationList;
			buildConfigurations = (
				2D013BEC1A60096D008D889A /* Debug */,
				2D013BED1A60096D008D889A /* Release */,
			);
			defaultConfigurationIsVisible = 0;
			defaultConfigurationName = Release;
		};
/* End XCConfigurationList section */
	};
	rootObject = 2D013BC41A60096C008D889A /* Project object */;
}
